
Microsoft Visual Studio Solution File, Format Version 12.00
# Visual Studio Version 17
VisualStudioVersion = 17.11.35327.3
MinimumVisualStudioVersion = 10.0.40219.1
Project("{9A19103F-16F7-4668-BE54-9A1E7A4F7556}") = "ex01", "ex01\ex01.csproj", "{7A636E28-CE98-465A-A7B4-6F307453DCCC}"
EndProject
Project("{9A19103F-16F7-4668-BE54-9A1E7A4F7556}") = "ex02", "ex02\ex02.csproj", "{81ED1334-D417-43B1-9963-7459DEDF6A46}"
EndProject
Project("{9A19103F-16F7-4668-BE54-9A1E7A4F7556}") = "ex03", "ex03\ex03.csproj", "{2DFCA3A2-36BB-481D-AE16-3312373705A1}"
EndProject
Project("{9A19103F-16F7-4668-BE54-9A1E7A4F7556}") = "ex04", "ex04\ex04.csproj", "{6029200D-A811-4C8D-82AA-A7146D5A68B8}"
EndProject
Project("{9A19103F-16F7-4668-BE54-9A1E7A4F7556}") = "ex05", "ex05\ex05.csproj", "{8F9535F7-8342-4532-95FA-7094879EE199}"
EndProject
Project("{9A19103F-16F7-4668-BE54-9A1E7A4F7556}") = "ex06", "ex06\ex06.csproj", "{91C4512C-30F8-4A0E-92E9-3D96BD255E3D}"
EndProject
Project("{9A19103F-16F7-4668-BE54-9A1E7A4F7556}") = "ex07", "ex7\ex07.csproj", "{EACD2FD4-F9BB-4821-8812-C81EE802C746}"
EndProject
Project("{9A19103F-16F7-4668-BE54-9A1E7A4F7556}") = "ex08", "ex08\ex08.csproj", "{01640DB0-3184-457E-8DAF-19A875B0C48C}"
EndProject
Project("{9A19103F-16F7-4668-BE54-9A1E7A4F7556}") = "ex09", "ex09\ex09.csproj", "{F83DF306-5963-431A-AE52-4AD9B1377B01}"
EndProject
Project("{9A19103F-16F7-4668-BE54-9A1E7A4F7556}") = "ex10", "ex10\ex10.csproj", "{2232217F-AB45-4F37-BAC3-049B027C0743}"
EndProject
Project("{9A19103F-16F7-4668-BE54-9A1E7A4F7556}") = "exemplo", "exemplo\exemplo.csproj", "{157D5C87-2976-4805-BD47-D04D2195789F}"
EndProject
Project("{FAE04EC0-301F-11D3-BF4B-00C04F79EFBC}") = "ex13", "ex13\ex13.csproj", "{9BAC8F0F-A0A5-448B-B679-10DEC0266F4E}"
EndProject
Project("{FAE04EC0-301F-11D3-BF4B-00C04F79EFBC}") = "ex14", "ex14\ex14.csproj", "{FFF5D244-7B8F-4FA2-A0F4-9863A28A3611}"
EndProject
Project("{FAE04EC0-301F-11D3-BF4B-00C04F79EFBC}") = "ex15", "ex15\ex15.csproj", "{144CDB66-1FD2-4301-8949-8154FD888DC4}"
EndProject
Global
	GlobalSection(SolutionConfigurationPlatforms) = preSolution
		Debug|Any CPU = Debug|Any CPU
		Release|Any CPU = Release|Any CPU
	EndGlobalSection
	GlobalSection(ProjectConfigurationPlatforms) = postSolution
		{7A636E28-CE98-465A-A7B4-6F307453DCCC}.Debug|Any CPU.ActiveCfg = Debug|Any CPU
		{7A636E28-CE98-465A-A7B4-6F307453DCCC}.Debug|Any CPU.Build.0 = Debug|Any CPU
		{7A636E28-CE98-465A-A7B4-6F307453DCCC}.Release|Any CPU.ActiveCfg = Release|Any CPU
		{7A636E28-CE98-465A-A7B4-6F307453DCCC}.Release|Any CPU.Build.0 = Release|Any CPU
		{81ED1334-D417-43B1-9963-7459DEDF6A46}.Debug|Any CPU.ActiveCfg = Debug|Any CPU
		{81ED1334-D417-43B1-9963-7459DEDF6A46}.Debug|Any CPU.Build.0 = Debug|Any CPU
		{81ED1334-D417-43B1-9963-7459DEDF6A46}.Release|Any CPU.ActiveCfg = Release|Any CPU
		{81ED1334-D417-43B1-9963-7459DEDF6A46}.Release|Any CPU.Build.0 = Release|Any CPU
		{2DFCA3A2-36BB-481D-AE16-3312373705A1}.Debug|Any CPU.ActiveCfg = Debug|Any CPU
		{2DFCA3A2-36BB-481D-AE16-3312373705A1}.Debug|Any CPU.Build.0 = Debug|Any CPU
		{2DFCA3A2-36BB-481D-AE16-3312373705A1}.Release|Any CPU.ActiveCfg = Release|Any CPU
		{2DFCA3A2-36BB-481D-AE16-3312373705A1}.Release|Any CPU.Build.0 = Release|Any CPU
		{6029200D-A811-4C8D-82AA-A7146D5A68B8}.Debug|Any CPU.ActiveCfg = Debug|Any CPU
		{6029200D-A811-4C8D-82AA-A7146D5A68B8}.Debug|Any CPU.Build.0 = Debug|Any CPU
		{6029200D-A811-4C8D-82AA-A7146D5A68B8}.Release|Any CPU.ActiveCfg = Release|Any CPU
		{6029200D-A811-4C8D-82AA-A7146D5A68B8}.Release|Any CPU.Build.0 = Release|Any CPU
		{8F9535F7-8342-4532-95FA-7094879EE199}.Debug|Any CPU.ActiveCfg = Debug|Any CPU
		{8F9535F7-8342-4532-95FA-7094879EE199}.Debug|Any CPU.Build.0 = Debug|Any CPU
		{8F9535F7-8342-4532-95FA-7094879EE199}.Release|Any CPU.ActiveCfg = Release|Any CPU
		{8F9535F7-8342-4532-95FA-7094879EE199}.Release|Any CPU.Build.0 = Release|Any CPU
		{91C4512C-30F8-4A0E-92E9-3D96BD255E3D}.Debug|Any CPU.ActiveCfg = Debug|Any CPU
		{91C4512C-30F8-4A0E-92E9-3D96BD255E3D}.Debug|Any CPU.Build.0 = Debug|Any CPU
		{91C4512C-30F8-4A0E-92E9-3D96BD255E3D}.Release|Any CPU.ActiveCfg = Release|Any CPU
		{91C4512C-30F8-4A0E-92E9-3D96BD255E3D}.Release|Any CPU.Build.0 = Release|Any CPU
		{EACD2FD4-F9BB-4821-8812-C81EE802C746}.Debug|Any CPU.ActiveCfg = Debug|Any CPU
		{EACD2FD4-F9BB-4821-8812-C81EE802C746}.Debug|Any CPU.Build.0 = Debug|Any CPU
		{EACD2FD4-F9BB-4821-8812-C81EE802C746}.Release|Any CPU.ActiveCfg = Release|Any CPU
		{EACD2FD4-F9BB-4821-8812-C81EE802C746}.Release|Any CPU.Build.0 = Release|Any CPU
		{01640DB0-3184-457E-8DAF-19A875B0C48C}.Debug|Any CPU.ActiveCfg = Debug|Any CPU
		{01640DB0-3184-457E-8DAF-19A875B0C48C}.Debug|Any CPU.Build.0 = Debug|Any CPU
		{01640DB0-3184-457E-8DAF-19A875B0C48C}.Release|Any CPU.ActiveCfg = Release|Any CPU
		{01640DB0-3184-457E-8DAF-19A875B0C48C}.Release|Any CPU.Build.0 = Release|Any CPU
		{F83DF306-5963-431A-AE52-4AD9B1377B01}.Debug|Any CPU.ActiveCfg = Debug|Any CPU
		{F83DF306-5963-431A-AE52-4AD9B1377B01}.Debug|Any CPU.Build.0 = Debug|Any CPU
		{F83DF306-5963-431A-AE52-4AD9B1377B01}.Release|Any CPU.ActiveCfg = Release|Any CPU
		{F83DF306-5963-431A-AE52-4AD9B1377B01}.Release|Any CPU.Build.0 = Release|Any CPU
		{2232217F-AB45-4F37-BAC3-049B027C0743}.Debug|Any CPU.ActiveCfg = Debug|Any CPU
		{2232217F-AB45-4F37-BAC3-049B027C0743}.Debug|Any CPU.Build.0 = Debug|Any CPU
		{2232217F-AB45-4F37-BAC3-049B027C0743}.Release|Any CPU.ActiveCfg = Release|Any CPU
		{2232217F-AB45-4F37-BAC3-049B027C0743}.Release|Any CPU.Build.0 = Release|Any CPU
		{157D5C87-2976-4805-BD47-D04D2195789F}.Debug|Any CPU.ActiveCfg = Debug|Any CPU
		{157D5C87-2976-4805-BD47-D04D2195789F}.Debug|Any CPU.Build.0 = Debug|Any CPU
		{157D5C87-2976-4805-BD47-D04D2195789F}.Release|Any CPU.ActiveCfg = Release|Any CPU
		{157D5C87-2976-4805-BD47-D04D2195789F}.Release|Any CPU.Build.0 = Release|Any CPU
		{9BAC8F0F-A0A5-448B-B679-10DEC0266F4E}.Debug|Any CPU.ActiveCfg = Debug|Any CPU
		{9BAC8F0F-A0A5-448B-B679-10DEC0266F4E}.Debug|Any CPU.Build.0 = Debug|Any CPU
		{9BAC8F0F-A0A5-448B-B679-10DEC0266F4E}.Release|Any CPU.ActiveCfg = Release|Any CPU
		{9BAC8F0F-A0A5-448B-B679-10DEC0266F4E}.Release|Any CPU.Build.0 = Release|Any CPU
		{FFF5D244-7B8F-4FA2-A0F4-9863A28A3611}.Debug|Any CPU.ActiveCfg = Debug|Any CPU
		{FFF5D244-7B8F-4FA2-A0F4-9863A28A3611}.Debug|Any CPU.Build.0 = Debug|Any CPU
		{FFF5D244-7B8F-4FA2-A0F4-9863A28A3611}.Release|Any CPU.ActiveCfg = Release|Any CPU
		{FFF5D244-7B8F-4FA2-A0F4-9863A28A3611}.Release|Any CPU.Build.0 = Release|Any CPU
		{144CDB66-1FD2-4301-8949-8154FD888DC4}.Debug|Any CPU.ActiveCfg = Debug|Any CPU
		{144CDB66-1FD2-4301-8949-8154FD888DC4}.Debug|Any CPU.Build.0 = Debug|Any CPU
		{144CDB66-1FD2-4301-8949-8154FD888DC4}.Release|Any CPU.ActiveCfg = Release|Any CPU
		{144CDB66-1FD2-4301-8949-8154FD888DC4}.Release|Any CPU.Build.0 = Release|Any CPU
	EndGlobalSection
	GlobalSection(SolutionProperties) = preSolution
		HideSolutionNode = FALSE
	EndGlobalSection
	GlobalSection(ExtensibilityGlobals) = postSolution
		SolutionGuid = {82E68065-4BF3-49D1-9887-74D868886E97}
	EndGlobalSection
EndGlobal
