
Microsoft Visual Studio Solution File, Format Version 12.00
# Visual Studio Version 17
VisualStudioVersion = 17.11.35327.3
MinimumVisualStudioVersion = 10.0.40219.1
Project("{9A19103F-16F7-4668-BE54-9A1E7A4F7556}") = "ex01", "ex01\ex01.csproj", "{7A636E28-CE98-465A-A7B4-6F307453DCCC}"
EndProject
Project("{9A19103F-16F7-4668-BE54-9A1E7A4F7556}") = "ex02", "ex02\ex02.csproj", "{81ED1334-D417-43B1-9963-7459DEDF6A46}"
EndProject
Project("{9A19103F-16F7-4668-BE54-9A1E7A4F7556}") = "ex03", "ex03\ex03.csproj", "{2DFCA3A2-36BB-481D-AE16-3312373705A1}"
EndProject
Project("{9A19103F-16F7-4668-BE54-9A1E7A4F7556}") = "ex04", "ex04\ex04.csproj", "{6029200D-A811-4C8D-82AA-A7146D5A68B8}"
EndProject
Project("{FAE04EC0-301F-11D3-BF4B-00C04F79EFBC}") = "ex05", "ex05\ex05.csproj", "{8F9535F7-8342-4532-95FA-7094879EE199}"
EndProject
Global
	GlobalSection(SolutionConfigurationPlatforms) = preSolution
		Debug|Any CPU = Debug|Any CPU
		Release|Any CPU = Release|Any CPU
	EndGlobalSection
	GlobalSection(ProjectConfigurationPlatforms) = postSolution
		{7A636E28-CE98-465A-A7B4-6F307453DCCC}.Debug|Any CPU.ActiveCfg = Debug|Any CPU
		{7A636E28-CE98-465A-A7B4-6F307453DCCC}.Debug|Any CPU.Build.0 = Debug|Any CPU
		{7A636E28-CE98-465A-A7B4-6F307453DCCC}.Release|Any CPU.ActiveCfg = Release|Any CPU
		{7A636E28-CE98-465A-A7B4-6F307453DCCC}.Release|Any CPU.Build.0 = Release|Any CPU
		{81ED1334-D417-43B1-9963-7459DEDF6A46}.Debug|Any CPU.ActiveCfg = Debug|Any CPU
		{81ED1334-D417-43B1-9963-7459DEDF6A46}.Debug|Any CPU.Build.0 = Debug|Any CPU
		{81ED1334-D417-43B1-9963-7459DEDF6A46}.Release|Any CPU.ActiveCfg = Release|Any CPU
		{81ED1334-D417-43B1-9963-7459DEDF6A46}.Release|Any CPU.Build.0 = Release|Any CPU
		{2DFCA3A2-36BB-481D-AE16-3312373705A1}.Debug|Any CPU.ActiveCfg = Debug|Any CPU
		{2DFCA3A2-36BB-481D-AE16-3312373705A1}.Debug|Any CPU.Build.0 = Debug|Any CPU
		{2DFCA3A2-36BB-481D-AE16-3312373705A1}.Release|Any CPU.ActiveCfg = Release|Any CPU
		{2DFCA3A2-36BB-481D-AE16-3312373705A1}.Release|Any CPU.Build.0 = Release|Any CPU
		{6029200D-A811-4C8D-82AA-A7146D5A68B8}.Debug|Any CPU.ActiveCfg = Debug|Any CPU
		{6029200D-A811-4C8D-82AA-A7146D5A68B8}.Debug|Any CPU.Build.0 = Debug|Any CPU
		{6029200D-A811-4C8D-82AA-A7146D5A68B8}.Release|Any CPU.ActiveCfg = Release|Any CPU
		{6029200D-A811-4C8D-82AA-A7146D5A68B8}.Release|Any CPU.Build.0 = Release|Any CPU
		{8F9535F7-8342-4532-95FA-7094879EE199}.Debug|Any CPU.ActiveCfg = Debug|Any CPU
		{8F9535F7-8342-4532-95FA-7094879EE199}.Debug|Any CPU.Build.0 = Debug|Any CPU
		{8F9535F7-8342-4532-95FA-7094879EE199}.Release|Any CPU.ActiveCfg = Release|Any CPU
		{8F9535F7-8342-4532-95FA-7094879EE199}.Release|Any CPU.Build.0 = Release|Any CPU
	EndGlobalSection
	GlobalSection(SolutionProperties) = preSolution
		HideSolutionNode = FALSE
	EndGlobalSection
	GlobalSection(ExtensibilityGlobals) = postSolution
		SolutionGuid = {82E68065-4BF3-49D1-9887-74D868886E97}
	EndGlobalSection
EndGlobal
